Microsoft Visual Studio Solution File, Format Version 12.00
# Visual Studio Version 17
VisualStudioVersion = 17.5.2.0
MinimumVisualStudioVersion = 10.0.40219.1
Project("{2150E333-8FDC-42A3-9474-1A3956D46DE8}") = "Question-1", "Question-1", "{0328F17D-8223-066D-1537-4914CBB6ADBA}"
EndProject
Project("{FAE04EC0-301F-11D3-BF4B-00C04F79EFBC}") = "FinanceManagementSystem", "Question-1\FinanceManagementSystem\FinanceManagementSystem.csproj", "{FF165614-0FF3-6DA0-0693-D058F0CF853A}"
EndProject
Global
	GlobalSection(SolutionConfigurationPlatforms) = preSolution
		Debug|Any CPU = Debug|Any CPU
		Release|Any CPU = Release|Any CPU
	EndGlobalSection
	GlobalSection(ProjectConfigurationPlatforms) = postSolution
		{FF165614-0FF3-6DA0-0693-D058F0CF853A}.Debug|Any CPU.ActiveCfg = Debug|Any CPU
		{FF165614-0FF3-6DA0-0693-D058F0CF853A}.Debug|Any CPU.Build.0 = Debug|Any CPU
		{FF165614-0FF3-6DA0-0693-D058F0CF853A}.Release|Any CPU.ActiveCfg = Release|Any CPU
		{FF165614-0FF3-6DA0-0693-D058F0CF853A}.Release|Any CPU.Build.0 = Release|Any CPU
	EndGlobalSection
	GlobalSection(SolutionProperties) = preSolution
		HideSolutionNode = FALSE
	EndGlobalSection
	GlobalSection(NestedProjects) = preSolution
		{FF165614-0FF3-6DA0-0693-D058F0CF853A} = {0328F17D-8223-066D-1537-4914CBB6ADBA}
	EndGlobalSection
	GlobalSection(ExtensibilityGlobals) = postSolution
		SolutionGuid = {A4B639CE-3698-441D-BE59-4EA8BFAF360B}
	EndGlobalSection
EndGlobal
